
Microsoft Visual Studio Solution File, Format Version 12.00
# Visual Studio 15
VisualStudioVersion = 15.0.28307.757
MinimumVisualStudioVersion = 10.0.40219.1
Project("{8BC9CEB8-8B4A-11D0-8D11-00A0C91BC942}") = "Game", "Game\Game.vcxproj", "{A095395E-3755-4A2C-B043-5251B7CFE76E}"
EndProject
Global
	GlobalSection(SolutionConfigurationPlatforms) = preSolution
		Debug|x64 = Debug|x64
		Debug|x86 = Debug|x86
		Release|x64 = Release|x64
		Release|x86 = Release|x86
	EndGlobalSection
	GlobalSection(ProjectConfigurationPlatforms) = postSolution
		{A095395E-3755-4A2C-B043-5251B7CFE76E}.Debug|x64.ActiveCfg = Debug|x64
		{A095395E-3755-4A2C-B043-5251B7CFE76E}.Debug|x64.Build.0 = Debug|x64
		{A095395E-3755-4A2C-B043-5251B7CFE76E}.Debug|x86.ActiveCfg = Debug|Win32
		{A095395E-3755-4A2C-B043-5251B7CFE76E}.Debug|x86.Build.0 = Debug|Win32
		{A095395E-3755-4A2C-B043-5251B7CFE76E}.Release|x64.ActiveCfg = Release|x64
		{A095395E-3755-4A2C-B043-5251B7CFE76E}.Release|x64.Build.0 = Release|x64
		{A095395E-3755-4A2C-B043-5251B7CFE76E}.Release|x86.ActiveCfg = Release|Win32
		{A095395E-3755-4A2C-B043-5251B7CFE76E}.Release|x86.Build.0 = Release|Win32
	EndGlobalSection
	GlobalSection(SolutionProperties) = preSolution
		HideSolutionNode = FALSE
	EndGlobalSection
	GlobalSection(ExtensibilityGlobals) = postSolution
		SolutionGuid = {ECEFCDC2-F490-4952-A6B6-6193610141D7}
	EndGlobalSection
EndGlobal
